
Microsoft Visual Studio Solution File, Format Version 12.00
# Visual Studio 15
VisualStudioVersion = 15.0.27004.2010
MinimumVisualStudioVersion = 10.0.40219.1
Project("{FAE04EC0-301F-11D3-BF4B-00C04F79EFBC}") = "CityInfo.Api", "CityInfo.Api\CityInfo.Api.csproj", "{78419AB3-59EE-4404-87E0-F514AF1BC838}"
EndProject
Global
	GlobalSection(SolutionConfigurationPlatforms) = preSolution
		Debug|Any CPU = Debug|Any CPU
		Release|Any CPU = Release|Any CPU
	EndGlobalSection
	GlobalSection(ProjectConfigurationPlatforms) = postSolution
		{78419AB3-59EE-4404-87E0-F514AF1BC838}.Debug|Any CPU.ActiveCfg = Debug|Any CPU
		{78419AB3-59EE-4404-87E0-F514AF1BC838}.Debug|Any CPU.Build.0 = Debug|Any CPU
		{78419AB3-59EE-4404-87E0-F514AF1BC838}.Release|Any CPU.ActiveCfg = Release|Any CPU
		{78419AB3-59EE-4404-87E0-F514AF1BC838}.Release|Any CPU.Build.0 = Release|Any CPU
	EndGlobalSection
	GlobalSection(SolutionProperties) = preSolution
		HideSolutionNode = FALSE
	EndGlobalSection
	GlobalSection(ExtensibilityGlobals) = postSolution
		SolutionGuid = {F9997FB1-5577-450F-83D9-DF2D4F06DC57}
	EndGlobalSection
EndGlobal
